
Microsoft Visual Studio Solution File, Format Version 12.00
# Visual Studio Version 17
VisualStudioVersion = 17.5.002.0
MinimumVisualStudioVersion = 10.0.40219.1
Project("{9A19103F-16F7-4668-BE54-9A1E7A4F7556}") = "Etc", "Etc.csproj", "{360F5273-D24A-48BB-9624-3380E6F62D52}"
EndProject
Global
	GlobalSection(SolutionConfigurationPlatforms) = preSolution
		Debug|Any CPU = Debug|Any CPU
		Release|Any CPU = Release|Any CPU
	EndGlobalSection
	GlobalSection(ProjectConfigurationPlatforms) = postSolution
		{360F5273-D24A-48BB-9624-3380E6F62D52}.Debug|Any CPU.ActiveCfg = Debug|Any CPU
		{360F5273-D24A-48BB-9624-3380E6F62D52}.Debug|Any CPU.Build.0 = Debug|Any CPU
		{360F5273-D24A-48BB-9624-3380E6F62D52}.Release|Any CPU.ActiveCfg = Release|Any CPU
		{360F5273-D24A-48BB-9624-3380E6F62D52}.Release|Any CPU.Build.0 = Release|Any CPU
	EndGlobalSection
	GlobalSection(SolutionProperties) = preSolution
		HideSolutionNode = FALSE
	EndGlobalSection
	GlobalSection(ExtensibilityGlobals) = postSolution
		SolutionGuid = {2C1E919A-B74D-404A-9028-F7ADF44741B0}
	EndGlobalSection
EndGlobal
